
Microsoft Visual Studio Solution File, Format Version 12.00
# Visual Studio Version 17
VisualStudioVersion = 17.5.002.0
MinimumVisualStudioVersion = 10.0.40219.1
Project("{9A19103F-16F7-4668-BE54-9A1E7A4F7556}") = "example001_HelloConsole", "example001_HelloConsole\example001_HelloConsole.csproj", "{8D40792C-0B8D-417A-86BB-2F6207B8E40C}"
EndProject
Project("{9A19103F-16F7-4668-BE54-9A1E7A4F7556}") = "example002_HelloUser", "example002_HelloUser\example002_HelloUser.csproj", "{1CAF984E-3E65-4AE4-86DE-4BE77BE1783B}"
EndProject
Project("{FAE04EC0-301F-11D3-BF4B-00C04F79EFBC}") = "example007_Cycle", "example007_Cycle\example007_Cycle.csproj", "{E1A6D7C7-E4F5-4712-8F3F-46CF43488D51}"
EndProject
Project("{FAE04EC0-301F-11D3-BF4B-00C04F79EFBC}") = "ConsoleApp1", "ConsoleApp1\ConsoleApp1.csproj", "{5D41B775-38A2-41DA-AC98-43FD01C997E7}"
EndProject
Project("{FAE04EC0-301F-11D3-BF4B-00C04F79EFBC}") = "test", "test\test.csproj", "{362BAD41-A670-4AA2-A3B1-5DFE47F19454}"
EndProject
Project("{FAE04EC0-301F-11D3-BF4B-00C04F79EFBC}") = "Homework2", "Homework2\Homework2.csproj", "{7E016D5E-E1CA-4CF7-982E-CCDFD0AF24DC}"
EndProject
Project("{FAE04EC0-301F-11D3-BF4B-00C04F79EFBC}") = "ConsoleApp massive", "ConsoleApp massive\ConsoleApp massive.csproj", "{C2D70124-144A-4366-A837-3B767EB18E75}"
EndProject
Project("{FAE04EC0-301F-11D3-BF4B-00C04F79EFBC}") = "ConsoleApp_function", "ConsoleApp_function\ConsoleApp_function.csproj", "{3733C565-844D-4C95-AFD0-767A6374B7F1}"
EndProject
Global
	GlobalSection(SolutionConfigurationPlatforms) = preSolution
		Debug|Any CPU = Debug|Any CPU
		Release|Any CPU = Release|Any CPU
	EndGlobalSection
	GlobalSection(ProjectConfigurationPlatforms) = postSolution
		{8D40792C-0B8D-417A-86BB-2F6207B8E40C}.Debug|Any CPU.ActiveCfg = Debug|Any CPU
		{8D40792C-0B8D-417A-86BB-2F6207B8E40C}.Debug|Any CPU.Build.0 = Debug|Any CPU
		{8D40792C-0B8D-417A-86BB-2F6207B8E40C}.Release|Any CPU.ActiveCfg = Release|Any CPU
		{8D40792C-0B8D-417A-86BB-2F6207B8E40C}.Release|Any CPU.Build.0 = Release|Any CPU
		{1CAF984E-3E65-4AE4-86DE-4BE77BE1783B}.Debug|Any CPU.ActiveCfg = Debug|Any CPU
		{1CAF984E-3E65-4AE4-86DE-4BE77BE1783B}.Debug|Any CPU.Build.0 = Debug|Any CPU
		{1CAF984E-3E65-4AE4-86DE-4BE77BE1783B}.Release|Any CPU.ActiveCfg = Release|Any CPU
		{1CAF984E-3E65-4AE4-86DE-4BE77BE1783B}.Release|Any CPU.Build.0 = Release|Any CPU
		{E1A6D7C7-E4F5-4712-8F3F-46CF43488D51}.Debug|Any CPU.ActiveCfg = Debug|Any CPU
		{E1A6D7C7-E4F5-4712-8F3F-46CF43488D51}.Debug|Any CPU.Build.0 = Debug|Any CPU
		{E1A6D7C7-E4F5-4712-8F3F-46CF43488D51}.Release|Any CPU.ActiveCfg = Release|Any CPU
		{E1A6D7C7-E4F5-4712-8F3F-46CF43488D51}.Release|Any CPU.Build.0 = Release|Any CPU
		{5D41B775-38A2-41DA-AC98-43FD01C997E7}.Debug|Any CPU.ActiveCfg = Debug|Any CPU
		{5D41B775-38A2-41DA-AC98-43FD01C997E7}.Debug|Any CPU.Build.0 = Debug|Any CPU
		{5D41B775-38A2-41DA-AC98-43FD01C997E7}.Release|Any CPU.ActiveCfg = Release|Any CPU
		{5D41B775-38A2-41DA-AC98-43FD01C997E7}.Release|Any CPU.Build.0 = Release|Any CPU
		{362BAD41-A670-4AA2-A3B1-5DFE47F19454}.Debug|Any CPU.ActiveCfg = Debug|Any CPU
		{362BAD41-A670-4AA2-A3B1-5DFE47F19454}.Debug|Any CPU.Build.0 = Debug|Any CPU
		{362BAD41-A670-4AA2-A3B1-5DFE47F19454}.Release|Any CPU.ActiveCfg = Release|Any CPU
		{362BAD41-A670-4AA2-A3B1-5DFE47F19454}.Release|Any CPU.Build.0 = Release|Any CPU
		{7E016D5E-E1CA-4CF7-982E-CCDFD0AF24DC}.Debug|Any CPU.ActiveCfg = Debug|Any CPU
		{7E016D5E-E1CA-4CF7-982E-CCDFD0AF24DC}.Debug|Any CPU.Build.0 = Debug|Any CPU
		{7E016D5E-E1CA-4CF7-982E-CCDFD0AF24DC}.Release|Any CPU.ActiveCfg = Release|Any CPU
		{7E016D5E-E1CA-4CF7-982E-CCDFD0AF24DC}.Release|Any CPU.Build.0 = Release|Any CPU
		{C2D70124-144A-4366-A837-3B767EB18E75}.Debug|Any CPU.ActiveCfg = Debug|Any CPU
		{C2D70124-144A-4366-A837-3B767EB18E75}.Debug|Any CPU.Build.0 = Debug|Any CPU
		{C2D70124-144A-4366-A837-3B767EB18E75}.Release|Any CPU.ActiveCfg = Release|Any CPU
		{C2D70124-144A-4366-A837-3B767EB18E75}.Release|Any CPU.Build.0 = Release|Any CPU
		{3733C565-844D-4C95-AFD0-767A6374B7F1}.Debug|Any CPU.ActiveCfg = Debug|Any CPU
		{3733C565-844D-4C95-AFD0-767A6374B7F1}.Debug|Any CPU.Build.0 = Debug|Any CPU
		{3733C565-844D-4C95-AFD0-767A6374B7F1}.Release|Any CPU.ActiveCfg = Release|Any CPU
		{3733C565-844D-4C95-AFD0-767A6374B7F1}.Release|Any CPU.Build.0 = Release|Any CPU
	EndGlobalSection
	GlobalSection(SolutionProperties) = preSolution
		HideSolutionNode = FALSE
	EndGlobalSection
	GlobalSection(ExtensibilityGlobals) = postSolution
		SolutionGuid = {90E91F0B-27E4-42D4-930E-4B5CFBC2CE76}
	EndGlobalSection
EndGlobal
